// !$*UTF8*$!
{
	archiveVersion = 1;
	classes = {
	};
	objectVersion = 50;
	objects = {

/* Begin PBXBuildFile section */
		5526EAF022BD04F1006ADB8A /* AppDelegate.swift in Sources */ = {isa = PBXBuildFile; fileRef = 5526EAEF22BD04F1006ADB8A /* AppDelegate.swift */; };
		5526EAF222BD04F1006ADB8A /* ViewController.swift in Sources */ = {isa = PBXBuildFile; fileRef = 5526EAF122BD04F1006ADB8A /* ViewController.swift */; };
		5526EAF522BD04F1006ADB8A /* Main.storyboard in Resources */ = {isa = PBXBuildFile; fileRef = 5526EAF322BD04F1006ADB8A /* Main.storyboard */; };
		5526EAF822BD04F1006ADB8A /* _____app.xcdatamodeld in Sources */ = {isa = PBXBuildFile; fileRef = 5526EAF622BD04F1006ADB8A /* _____app.xcdatamodeld */; };
		5526EAFA22BD04F2006ADB8A /* Assets.xcassets in Resources */ = {isa = PBXBuildFile; fileRef = 5526EAF922BD04F2006ADB8A /* Assets.xcassets */; };
		5526EAFD22BD04F2006ADB8A /* LaunchScreen.storyboard in Resources */ = {isa = PBXBuildFile; fileRef = 5526EAFB22BD04F2006ADB8A /* LaunchScreen.storyboard */; };
		5526EB0522BD096E006ADB8A /* PictureWallViewController.swift in Sources */ = {isa = PBXBuildFile; fileRef = 5526EB0422BD096E006ADB8A /* PictureWallViewController.swift */; };
		5526EB0722BD0A4B006ADB8A /* PhotoCollectionViewCell.swift in Sources */ = {isa = PBXBuildFile; fileRef = 5526EB0622BD0A4B006ADB8A /* PhotoCollectionViewCell.swift */; };
		5720CB6E22BE483D00DFDFFA /* dailyTableViewController.swift in Sources */ = {isa = PBXBuildFile; fileRef = 5720CB6D22BE483D00DFDFFA /* dailyTableViewController.swift */; };
		5720CB7022BE4EC200DFDFFA /* dailyViewController.swift in Sources */ = {isa = PBXBuildFile; fileRef = 5720CB6F22BE4EC200DFDFFA /* dailyViewController.swift */; };
		5720CB7422BE561000DFDFFA /* dailyTableViewCell.swift in Sources */ = {isa = PBXBuildFile; fileRef = 5720CB7322BE561000DFDFFA /* dailyTableViewCell.swift */; };
		5720CB7622BE6F6A00DFDFFA /* daily.swift in Sources */ = {isa = PBXBuildFile; fileRef = 5720CB7522BE6F6A00DFDFFA /* daily.swift */; };
		5720CB7822BE878600DFDFFA /* postViewController.swift in Sources */ = {isa = PBXBuildFile; fileRef = 5720CB7722BE878600DFDFFA /* postViewController.swift */; };
/* End PBXBuildFile section */

/* Begin PBXFileReference section */
		5526EAEC22BD04F1006ADB8A /* 期末-天氣app.app */ = {isa = PBXFileReference; explicitFileType = wrapper.application; includeInIndex = 0; path = "期末-天氣app.app"; sourceTree = BUILT_PRODUCTS_DIR; };
		5526EAEF22BD04F1006ADB8A /* AppDelegate.swift */ = {isa = PBXFileReference; lastKnownFileType = sourcecode.swift; path = AppDelegate.swift; sourceTree = "<group>"; };
		5526EAF122BD04F1006ADB8A /* ViewController.swift */ = {isa = PBXFileReference; lastKnownFileType = sourcecode.swift; path = ViewController.swift; sourceTree = "<group>"; };
		5526EAF422BD04F1006ADB8A /* Base */ = {isa = PBXFileReference; lastKnownFileType = file.storyboard; name = Base; path = Base.lproj/Main.storyboard; sourceTree = "<group>"; };
		5526EAF722BD04F1006ADB8A /* _____app.xcdatamodel */ = {isa = PBXFileReference; lastKnownFileType = wrapper.xcdatamodel; path = "_____app.xcdatamodel"; sourceTree = "<group>"; };
		5526EAF922BD04F2006ADB8A /* Assets.xcassets */ = {isa = PBXFileReference; lastKnownFileType = folder.assetcatalog; path = Assets.xcassets; sourceTree = "<group>"; };
		5526EAFC22BD04F2006ADB8A /* Base */ = {isa = PBXFileReference; lastKnownFileType = file.storyboard; name = Base; path = Base.lproj/LaunchScreen.storyboard; sourceTree = "<group>"; };
		5526EAFE22BD04F2006ADB8A /* Info.plist */ = {isa = PBXFileReference; lastKnownFileType = text.plist.xml; path = Info.plist; sourceTree = "<group>"; };
		5526EB0422BD096E006ADB8A /* PictureWallViewController.swift */ = {isa = PBXFileReference; lastKnownFileType = sourcecode.swift; name = PictureWallViewController.swift; path = ../PictureWallViewController.swift; sourceTree = "<group>"; };
		5526EB0622BD0A4B006ADB8A /* PhotoCollectionViewCell.swift */ = {isa = PBXFileReference; lastKnownFileType = sourcecode.swift; path = PhotoCollectionViewCell.swift; sourceTree = "<group>"; };
		5720CB6D22BE483D00DFDFFA /* dailyTableViewController.swift */ = {isa = PBXFileReference; lastKnownFileType = sourcecode.swift; path = dailyTableViewController.swift; sourceTree = "<group>"; };
		5720CB6F22BE4EC200DFDFFA /* dailyViewController.swift */ = {isa = PBXFileReference; lastKnownFileType = sourcecode.swift; path = dailyViewController.swift; sourceTree = "<group>"; };
		5720CB7322BE561000DFDFFA /* dailyTableViewCell.swift */ = {isa = PBXFileReference; lastKnownFileType = sourcecode.swift; path = dailyTableViewCell.swift; sourceTree = "<group>"; };
		5720CB7522BE6F6A00DFDFFA /* daily.swift */ = {isa = PBXFileReference; lastKnownFileType = sourcecode.swift; path = daily.swift; sourceTree = "<group>"; };
		5720CB7722BE878600DFDFFA /* postViewController.swift */ = {isa = PBXFileReference; lastKnownFileType = sourcecode.swift; path = postViewController.swift; sourceTree = "<group>"; };
/* End PBXFileReference section */

/* Begin PBXFrameworksBuildPhase section */
		5526EAE922BD04F1006ADB8A /* Frameworks */ = {
			isa = PBXFrameworksBuildPhase;
			buildActionMask = 2147483647;
			files = (
			);
			runOnlyForDeploymentPostprocessing = 0;
		};
/* End PBXFrameworksBuildPhase section */

/* Begin PBXGroup section */
		5526EAE322BD04F1006ADB8A = {
			isa = PBXGroup;
			children = (
				5526EAEE22BD04F1006ADB8A /* 期末-天氣app */,
				5526EAED22BD04F1006ADB8A /* Products */,
			);
			sourceTree = "<group>";
		};
		5526EAED22BD04F1006ADB8A /* Products */ = {
			isa = PBXGroup;
			children = (
				5526EAEC22BD04F1006ADB8A /* 期末-天氣app.app */,
			);
			name = Products;
			sourceTree = "<group>";
		};
		5526EAEE22BD04F1006ADB8A /* 期末-天氣app */ = {
			isa = PBXGroup;
			children = (
				5526EB0422BD096E006ADB8A /* PictureWallViewController.swift */,
				5526EAEF22BD04F1006ADB8A /* AppDelegate.swift */,
				5526EAF122BD04F1006ADB8A /* ViewController.swift */,
				5526EAF322BD04F1006ADB8A /* Main.storyboard */,
				5720CB7722BE878600DFDFFA /* postViewController.swift */,
				5720CB7322BE561000DFDFFA /* dailyTableViewCell.swift */,
				5720CB6F22BE4EC200DFDFFA /* dailyViewController.swift */,
				5720CB6D22BE483D00DFDFFA /* dailyTableViewController.swift */,
				5720CB7522BE6F6A00DFDFFA /* daily.swift */,
				5526EB0622BD0A4B006ADB8A /* PhotoCollectionViewCell.swift */,
				5526EAF922BD04F2006ADB8A /* Assets.xcassets */,
				5526EAFB22BD04F2006ADB8A /* LaunchScreen.storyboard */,
				5526EAFE22BD04F2006ADB8A /* Info.plist */,
				5526EAF622BD04F1006ADB8A /* _____app.xcdatamodeld */,
			);
			path = "期末-天氣app";
			sourceTree = "<group>";
		};
/* End PBXGroup section */

/* Begin PBXNativeTarget section */
		5526EAEB22BD04F1006ADB8A /* 期末-天氣app */ = {
			isa = PBXNativeTarget;
			buildConfigurationList = 5526EB0122BD04F2006ADB8A /* Build configuration list for PBXNativeTarget "期末-天氣app" */;
			buildPhases = (
				5526EAE822BD04F1006ADB8A /* Sources */,
				5526EAE922BD04F1006ADB8A /* Frameworks */,
				5526EAEA22BD04F1006ADB8A /* Resources */,
			);
			buildRules = (
			);
			dependencies = (
			);
			name = "期末-天氣app";
			productName = "期末-天氣app";
			productReference = 5526EAEC22BD04F1006ADB8A /* 期末-天氣app.app */;
			productType = "com.apple.product-type.application";
		};
/* End PBXNativeTarget section */

/* Begin PBXProject section */
		5526EAE422BD04F1006ADB8A /* Project object */ = {
			isa = PBXProject;
			attributes = {
				LastSwiftUpdateCheck = 1020;
				LastUpgradeCheck = 1020;
				ORGANIZATIONNAME = 00657123;
				TargetAttributes = {
					5526EAEB22BD04F1006ADB8A = {
						CreatedOnToolsVersion = 10.2.1;
					};
				};
			};
			buildConfigurationList = 5526EAE722BD04F1006ADB8A /* Build configuration list for PBXProject "期末-天氣app" */;
			compatibilityVersion = "Xcode 9.3";
			developmentRegion = en;
			hasScannedForEncodings = 0;
			knownRegions = (
				en,
				Base,
			);
			mainGroup = 5526EAE322BD04F1006ADB8A;
			productRefGroup = 5526EAED22BD04F1006ADB8A /* Products */;
			projectDirPath = "";
			projectRoot = "";
			targets = (
				5526EAEB22BD04F1006ADB8A /* 期末-天氣app */,
			);
		};
/* End PBXProject section */

/* Begin PBXResourcesBuildPhase section */
		5526EAEA22BD04F1006ADB8A /* Resources */ = {
			isa = PBXResourcesBuildPhase;
			buildActionMask = 2147483647;
			files = (
				5526EAFD22BD04F2006ADB8A /* LaunchScreen.storyboard in Resources */,
				5526EAFA22BD04F2006ADB8A /* Assets.xcassets in Resources */,
				5526EAF522BD04F1006ADB8A /* Main.storyboard in Resources */,
			);
			runOnlyForDeploymentPostprocessing = 0;
		};
/* End PBXResourcesBuildPhase section */

/* Begin PBXSourcesBuildPhase section */
		5526EAE822BD04F1006ADB8A /* Sources */ = {
			isa = PBXSourcesBuildPhase;
			buildActionMask = 2147483647;
			files = (
				5720CB7022BE4EC200DFDFFA /* dailyViewController.swift in Sources */,
				5720CB7422BE561000DFDFFA /* dailyTableViewCell.swift in Sources */,
				5720CB7822BE878600DFDFFA /* postViewController.swift in Sources */,
				5526EAF222BD04F1006ADB8A /* ViewController.swift in Sources */,
				5720CB6E22BE483D00DFDFFA /* dailyTableViewController.swift in Sources */,
				5526EB0722BD0A4B006ADB8A /* PhotoCollectionViewCell.swift in Sources */,
				5526EB0522BD096E006ADB8A /* PictureWallViewController.swift in Sources */,
				5720CB7622BE6F6A00DFDFFA /* daily.swift in Sources */,
				5526EAF022BD04F1006ADB8A /* AppDelegate.swift in Sources */,
				5526EAF822BD04F1006ADB8A /* _____app.xcdatamodeld in Sources */,
			);
			runOnlyForDeploymentPostprocessing = 0;
		};
/* End PBXSourcesBuildPhase section */

/* Begin PBXVariantGroup section */
		5526EAF322BD04F1006ADB8A /* Main.storyboard */ = {
			isa = PBXVariantGroup;
			children = (
				5526EAF422BD04F1006ADB8A /* Base */,
			);
			name = Main.storyboard;
			sourceTree = "<group>";
		};
		5526EAFB22BD04F2006ADB8A /* LaunchScreen.storyboard */ = {
			isa = PBXVariantGroup;
			children = (
				5526EAFC22BD04F2006ADB8A /* Base */,
			);
			name = LaunchScreen.storyboard;
			sourceTree = "<group>";
		};
/* End PBXVariantGroup section */

/* Begin XCBuildConfiguration section */
		5526EAFF22BD04F2006ADB8A /* Debug */ = {
			isa = XCBuildConfiguration;
			buildSettings = {
				ALWAYS_SEARCH_USER_PATHS = NO;
				CLANG_ANALYZER_NONNULL = YES;
				CLANG_ANALYZER_NUMBER_OBJECT_CONVERSION = YES_AGGRESSIVE;
				CLANG_CXX_LANGUAGE_STANDARD = "gnu++14";
				CLANG_CXX_LIBRARY = "libc++";
				CLANG_ENABLE_MODULES = YES;
				CLANG_ENABLE_OBJC_ARC = YES;
				CLANG_ENABLE_OBJC_WEAK = YES;
				CLANG_WARN_BLOCK_CAPTURE_AUTORELEASING = YES;
				CLANG_WARN_BOOL_CONVERSION = YES;
				CLANG_WARN_COMMA = YES;
				CLANG_WARN_CONSTANT_CONVERSION = YES;
				CLANG_WARN_DEPRECATED_OBJC_IMPLEMENTATIONS = YES;
				CLANG_WARN_DIRECT_OBJC_ISA_USAGE = YES_ERROR;
				CLANG_WARN_DOCUMENTATION_COMMENTS = YES;
				CLANG_WARN_EMPTY_BODY = YES;
				CLANG_WARN_ENUM_CONVERSION = YES;
				CLANG_WARN_INFINITE_RECURSION = YES;
				CLANG_WARN_INT_CONVERSION = YES;
				CLANG_WARN_NON_LITERAL_NULL_CONVERSION = YES;
				CLANG_WARN_OBJC_IMPLICIT_RETAIN_SELF = YES;
				CLANG_WARN_OBJC_LITERAL_CONVERSION = YES;
				CLANG_WARN_OBJC_ROOT_CLASS = YES_ERROR;
				CLANG_WARN_RANGE_LOOP_ANALYSIS = YES;
				CLANG_WARN_STRICT_PROTOTYPES = YES;
				CLANG_WARN_SUSPICIOUS_MOVE = YES;
				CLANG_WARN_UNGUARDED_AVAILABILITY = YES_AGGRESSIVE;
				CLANG_WARN_UNREACHABLE_CODE = YES;
				CLANG_WARN__DUPLICATE_METHOD_MATCH = YES;
				CODE_SIGN_IDENTITY = "iPhone Developer";
				COPY_PHASE_STRIP = NO;
				DEBUG_INFORMATION_FORMAT = dwarf;
				ENABLE_STRICT_OBJC_MSGSEND = YES;
				ENABLE_TESTABILITY = YES;
				GCC_C_LANGUAGE_STANDARD = gnu11;
				GCC_DYNAMIC_NO_PIC = NO;
				GCC_NO_COMMON_BLOCKS = YES;
				GCC_OPTIMIZATION_LEVEL = 0;
				GCC_PREPROCESSOR_DEFINITIONS = (
					"DEBUG=1",
					"$(inherited)",
				);
				GCC_WARN_64_TO_32_BIT_CONVERSION = YES;
				GCC_WARN_ABOUT_RETURN_TYPE = YES_ERROR;
				GCC_WARN_UNDECLARED_SELECTOR = YES;
				GCC_WARN_UNINITIALIZED_AUTOS = YES_AGGRESSIVE;
				GCC_WARN_UNUSED_FUNCTION = YES;
				GCC_WARN_UNUSED_VARIABLE = YES;
				IPHONEOS_DEPLOYMENT_TARGET = 12.2;
				MTL_ENABLE_DEBUG_INFO = INCLUDE_SOURCE;
				MTL_FAST_MATH = YES;
				ONLY_ACTIVE_ARCH = YES;
				SDKROOT = iphoneos;
				SWIFT_ACTIVE_COMPILATION_CONDITIONS = DEBUG;
				SWIFT_OPTIMIZATION_LEVEL = "-Onone";
			};
			name = Debug;
		};
		5526EB0022BD04F2006ADB8A /* Release */ = {
			isa = XCBuildConfiguration;
			buildSettings = {
				ALWAYS_SEARCH_USER_PATHS = NO;
				CLANG_ANALYZER_NONNULL = YES;
				CLANG_ANALYZER_NUMBER_OBJECT_CONVERSION = YES_AGGRESSIVE;
				CLANG_CXX_LANGUAGE_STANDARD = "gnu++14";
				CLANG_CXX_LIBRARY = "libc++";
				CLANG_ENABLE_MODULES = YES;
				CLANG_ENABLE_OBJC_ARC = YES;
				CLANG_ENABLE_OBJC_WEAK = YES;
				CLANG_WARN_BLOCK_CAPTURE_AUTORELEASING = YES;
				CLANG_WARN_BOOL_CONVERSION = YES;
				CLANG_WARN_COMMA = YES;
				CLANG_WARN_CONSTANT_CONVERSION = YES;
				CLANG_WARN_DEPRECATED_OBJC_IMPLEMENTATIONS = YES;
				CLANG_WARN_DIRECT_OBJC_ISA_USAGE = YES_ERROR;
				CLANG_WARN_DOCUMENTATION_COMMENTS = YES;
				CLANG_WARN_EMPTY_BODY = YES;
				CLANG_WARN_ENUM_CONVERSION = YES;
				CLANG_WARN_INFINITE_RECURSION = YES;
				CLANG_WARN_INT_CONVERSION = YES;
				CLANG_WARN_NON_LITERAL_NULL_CONVERSION = YES;
				CLANG_WARN_OBJC_IMPLICIT_RETAIN_SELF = YES;
				CLANG_WARN_OBJC_LITERAL_CONVERSION = YES;
				CLANG_WARN_OBJC_ROOT_CLASS = YES_ERROR;
				CLANG_WARN_RANGE_LOOP_ANALYSIS = YES;
				CLANG_WARN_STRICT_PROTOTYPES = YES;
				CLANG_WARN_SUSPICIOUS_MOVE = YES;
				CLANG_WARN_UNGUARDED_AVAILABILITY = YES_AGGRESSIVE;
				CLANG_WARN_UNREACHABLE_CODE = YES;
				CLANG_WARN__DUPLICATE_METHOD_MATCH = YES;
				CODE_SIGN_IDENTITY = "iPhone Developer";
				COPY_PHASE_STRIP = NO;
				DEBUG_INFORMATION_FORMAT = "dwarf-with-dsym";
				ENABLE_NS_ASSERTIONS = NO;
				ENABLE_STRICT_OBJC_MSGSEND = YES;
				GCC_C_LANGUAGE_STANDARD = gnu11;
				GCC_NO_COMMON_BLOCKS = YES;
				GCC_WARN_64_TO_32_BIT_CONVERSION = YES;
				GCC_WARN_ABOUT_RETURN_TYPE = YES_ERROR;
				GCC_WARN_UNDECLARED_SELECTOR = YES;
				GCC_WARN_UNINITIALIZED_AUTOS = YES_AGGRESSIVE;
				GCC_WARN_UNUSED_FUNCTION = YES;
				GCC_WARN_UNUSED_VARIABLE = YES;
				IPHONEOS_DEPLOYMENT_TARGET = 12.2;
				MTL_ENABLE_DEBUG_INFO = NO;
				MTL_FAST_MATH = YES;
				SDKROOT = iphoneos;
				SWIFT_COMPILATION_MODE = wholemodule;
				SWIFT_OPTIMIZATION_LEVEL = "-O";
				VALIDATE_PRODUCT = YES;
			};
			name = Release;
		};
		5526EB0222BD04F2006ADB8A /* Debug */ = {
			isa = XCBuildConfiguration;
			buildSettings = {
				ASSETCATALOG_COMPILER_APPICON_NAME = AppIcon;
				CODE_SIGN_STYLE = Automatic;
				INFOPLIST_FILE = "期末-天氣app/Info.plist";
				LD_RUNPATH_SEARCH_PATHS = (
					"$(inherited)",
					"@executable_path/Frameworks",
				);
				PRODUCT_BUNDLE_IDENTIFIER = "yuyu.-----app";
				PRODUCT_NAME = "$(TARGET_NAME)";
				SWIFT_VERSION = 5.0;
				TARGETED_DEVICE_FAMILY = "1,2";
			};
			name = Debug;
		};
		5526EB0322BD04F2006ADB8A /* Release */ = {
			isa = XCBuildConfiguration;
			buildSettings = {
				ASSETCATALOG_COMPILER_APPICON_NAME = AppIcon;
				CODE_SIGN_STYLE = Automatic;
				INFOPLIST_FILE = "期末-天氣app/Info.plist";
				LD_RUNPATH_SEARCH_PATHS = (
					"$(inherited)",
					"@executable_path/Frameworks",
				);
				PRODUCT_BUNDLE_IDENTIFIER = "yuyu.-----app";
				PRODUCT_NAME = "$(TARGET_NAME)";
				SWIFT_VERSION = 5.0;
				TARGETED_DEVICE_FAMILY = "1,2";
			};
			name = Release;
		};
/* End XCBuildConfiguration section */

/* Begin XCConfigurationList section */
		5526EAE722BD04F1006ADB8A /* Build configuration list for PBXProject "期末-天氣app" */ = {
			isa = XCConfigurationList;
			buildConfigurations = (
				5526EAFF22BD04F2006ADB8A /* Debug */,
				5526EB0022BD04F2006ADB8A /* Release */,
			);
			defaultConfigurationIsVisible = 0;
			defaultConfigurationName = Release;
		};
		5526EB0122BD04F2006ADB8A /* Build configuration list for PBXNativeTarget "期末-天氣app" */ = {
			isa = XCConfigurationList;
			buildConfigurations = (
				5526EB0222BD04F2006ADB8A /* Debug */,
				5526EB0322BD04F2006ADB8A /* Release */,
			);
			defaultConfigurationIsVisible = 0;
			defaultConfigurationName = Release;
		};
/* End XCConfigurationList section */

/* Begin XCVersionGroup section */
		5526EAF622BD04F1006ADB8A /* _____app.xcdatamodeld */ = {
			isa = XCVersionGroup;
			children = (
				5526EAF722BD04F1006ADB8A /* _____app.xcdatamodel */,
			);
			currentVersion = 5526EAF722BD04F1006ADB8A /* _____app.xcdatamodel */;
			path = "_____app.xcdatamodeld";
			sourceTree = "<group>";
			versionGroupType = wrapper.xcdatamodel;
		};
/* End XCVersionGroup section */
	};
	rootObject = 5526EAE422BD04F1006ADB8A /* Project object */;
}
